
Microsoft Visual Studio Solution File, Format Version 12.00
# Visual Studio Version 17
VisualStudioVersion = 17.1.32228.430
MinimumVisualStudioVersion = 10.0.40219.1
Project("{9A19103F-16F7-4668-BE54-9A1E7A4F7556}") = "OnlineOrdering.Services", "Services\OnlineOrdering.Services\OnlineOrdering.Services.csproj", "{C34BB6B9-5C2F-4EF6-8744-73FB986A7EB9}"
EndProject
Project("{9A19103F-16F7-4668-BE54-9A1E7A4F7556}") = "OnlineOrdering.API", "API\OnlineOrdering.API\OnlineOrdering.API.csproj", "{B648536D-8A39-46F6-8EED-5A9B11EAB5CA}"
EndProject
Project("{9A19103F-16F7-4668-BE54-9A1E7A4F7556}") = "OnlineOrdering.Data", "Data\OnlineOrdering.Data\OnlineOrdering.Data.csproj", "{F9C21266-158C-46CD-AF1B-E51DBD54FC0D}"
EndProject
Project("{9A19103F-16F7-4668-BE54-9A1E7A4F7556}") = "OnlineOrdering.Common", "Common\OnlineOrdering.Common\OnlineOrdering.Common.csproj", "{6504742C-C3A4-46EC-9DA9-66D1FAE29D1C}"
EndProject
Project("{FAE04EC0-301F-11D3-BF4B-00C04F79EFBC}") = "OnlineOrdering.API.Tests", "API\OnlineOrdering.API.Tests\OnlineOrdering.API.Tests.csproj", "{0CD454F9-93B1-47C7-91CE-CEE706C45D4A}"
EndProject
Global
	GlobalSection(SolutionConfigurationPlatforms) = preSolution
		Debug|Any CPU = Debug|Any CPU
		Release|Any CPU = Release|Any CPU
	EndGlobalSection
	GlobalSection(ProjectConfigurationPlatforms) = postSolution
		{C34BB6B9-5C2F-4EF6-8744-73FB986A7EB9}.Debug|Any CPU.ActiveCfg = Debug|Any CPU
		{C34BB6B9-5C2F-4EF6-8744-73FB986A7EB9}.Debug|Any CPU.Build.0 = Debug|Any CPU
		{C34BB6B9-5C2F-4EF6-8744-73FB986A7EB9}.Release|Any CPU.ActiveCfg = Release|Any CPU
		{C34BB6B9-5C2F-4EF6-8744-73FB986A7EB9}.Release|Any CPU.Build.0 = Release|Any CPU
		{B648536D-8A39-46F6-8EED-5A9B11EAB5CA}.Debug|Any CPU.ActiveCfg = Debug|Any CPU
		{B648536D-8A39-46F6-8EED-5A9B11EAB5CA}.Debug|Any CPU.Build.0 = Debug|Any CPU
		{B648536D-8A39-46F6-8EED-5A9B11EAB5CA}.Release|Any CPU.ActiveCfg = Release|Any CPU
		{B648536D-8A39-46F6-8EED-5A9B11EAB5CA}.Release|Any CPU.Build.0 = Release|Any CPU
		{F9C21266-158C-46CD-AF1B-E51DBD54FC0D}.Debug|Any CPU.ActiveCfg = Debug|Any CPU
		{F9C21266-158C-46CD-AF1B-E51DBD54FC0D}.Debug|Any CPU.Build.0 = Debug|Any CPU
		{F9C21266-158C-46CD-AF1B-E51DBD54FC0D}.Release|Any CPU.ActiveCfg = Release|Any CPU
		{F9C21266-158C-46CD-AF1B-E51DBD54FC0D}.Release|Any CPU.Build.0 = Release|Any CPU
		{6504742C-C3A4-46EC-9DA9-66D1FAE29D1C}.Debug|Any CPU.ActiveCfg = Debug|Any CPU
		{6504742C-C3A4-46EC-9DA9-66D1FAE29D1C}.Debug|Any CPU.Build.0 = Debug|Any CPU
		{6504742C-C3A4-46EC-9DA9-66D1FAE29D1C}.Release|Any CPU.ActiveCfg = Release|Any CPU
		{6504742C-C3A4-46EC-9DA9-66D1FAE29D1C}.Release|Any CPU.Build.0 = Release|Any CPU
		{0CD454F9-93B1-47C7-91CE-CEE706C45D4A}.Debug|Any CPU.ActiveCfg = Debug|Any CPU
		{0CD454F9-93B1-47C7-91CE-CEE706C45D4A}.Debug|Any CPU.Build.0 = Debug|Any CPU
		{0CD454F9-93B1-47C7-91CE-CEE706C45D4A}.Release|Any CPU.ActiveCfg = Release|Any CPU
		{0CD454F9-93B1-47C7-91CE-CEE706C45D4A}.Release|Any CPU.Build.0 = Release|Any CPU
	EndGlobalSection
	GlobalSection(SolutionProperties) = preSolution
		HideSolutionNode = FALSE
	EndGlobalSection
	GlobalSection(ExtensibilityGlobals) = postSolution
		SolutionGuid = {51881D3A-1B87-43B4-B62B-9548DA47345B}
	EndGlobalSection
EndGlobal
